// !$*UTF8*$!
{
	archiveVersion = 1;
	classes = {
	};
	objectVersion = 48;
	objects = {

/* Begin PBXBuildFile section */
		4397E7381F6C71ED00F77511 /* AppDelegate.swift in Sources */ = {isa = PBXBuildFile; fileRef = 4397E7371F6C71ED00F77511 /* AppDelegate.swift */; };
		4397E73D1F6C71ED00F77511 /* Main.storyboard in Resources */ = {isa = PBXBuildFile; fileRef = 4397E73B1F6C71ED00F77511 /* Main.storyboard */; };
		4397E73F1F6C71ED00F77511 /* Assets.xcassets in Resources */ = {isa = PBXBuildFile; fileRef = 4397E73E1F6C71ED00F77511 /* Assets.xcassets */; };
		4397E7421F6C71ED00F77511 /* LaunchScreen.storyboard in Resources */ = {isa = PBXBuildFile; fileRef = 4397E7401F6C71ED00F77511 /* LaunchScreen.storyboard */; };
		43C75E551F71B7D500711D96 /* ChatVC.swift in Sources */ = {isa = PBXBuildFile; fileRef = 43C75E541F71B7D500711D96 /* ChatVC.swift */; };
		43C75E571F71B7E600711D96 /* ChannelVC.swift in Sources */ = {isa = PBXBuildFile; fileRef = 43C75E561F71B7E600711D96 /* ChannelVC.swift */; };
		43C75E591F71BBE800711D96 /* SWRevealViewController.m in Sources */ = {isa = PBXBuildFile; fileRef = 43C75E4F1F71B46200711D96 /* SWRevealViewController.m */; };
		43C75E861F7AF64C00711D96 /* GradientView.swift in Sources */ = {isa = PBXBuildFile; fileRef = 43C75E851F7AF64C00711D96 /* GradientView.swift */; };
		9C4C671E5EE707938FEB4BE9 /* Pods_Smack.framework in Frameworks */ = {isa = PBXBuildFile; fileRef = 16072BDC2592A7F124851C2A /* Pods_Smack.framework */; };
/* End PBXBuildFile section */

/* Begin PBXFileReference section */
		03094A6D50E2017B5E4036F7 /* Pods-Smack.debug.xcconfig */ = {isa = PBXFileReference; includeInIndex = 1; lastKnownFileType = text.xcconfig; name = "Pods-Smack.debug.xcconfig"; path = "Pods/Target Support Files/Pods-Smack/Pods-Smack.debug.xcconfig"; sourceTree = "<group>"; };
		16072BDC2592A7F124851C2A /* Pods_Smack.framework */ = {isa = PBXFileReference; explicitFileType = wrapper.framework; includeInIndex = 0; path = Pods_Smack.framework; sourceTree = BUILT_PRODUCTS_DIR; };
		4397E7341F6C71ED00F77511 /* Smack.app */ = {isa = PBXFileReference; explicitFileType = wrapper.application; includeInIndex = 0; path = Smack.app; sourceTree = BUILT_PRODUCTS_DIR; };
		4397E7371F6C71ED00F77511 /* AppDelegate.swift */ = {isa = PBXFileReference; lastKnownFileType = sourcecode.swift; path = AppDelegate.swift; sourceTree = "<group>"; };
		4397E73C1F6C71ED00F77511 /* Base */ = {isa = PBXFileReference; lastKnownFileType = file.storyboard; name = Base; path = Base.lproj/Main.storyboard; sourceTree = "<group>"; };
		4397E73E1F6C71ED00F77511 /* Assets.xcassets */ = {isa = PBXFileReference; lastKnownFileType = folder.assetcatalog; path = Assets.xcassets; sourceTree = "<group>"; };
		4397E7411F6C71ED00F77511 /* Base */ = {isa = PBXFileReference; lastKnownFileType = file.storyboard; name = Base; path = Base.lproj/LaunchScreen.storyboard; sourceTree = "<group>"; };
		4397E7431F6C71ED00F77511 /* Info.plist */ = {isa = PBXFileReference; lastKnownFileType = text.plist.xml; path = Info.plist; sourceTree = "<group>"; };
		43C75E4E1F71B46100711D96 /* Smack-Bridging-Header.h */ = {isa = PBXFileReference; lastKnownFileType = sourcecode.c.h; path = "Smack-Bridging-Header.h"; sourceTree = "<group>"; };
		43C75E4F1F71B46200711D96 /* SWRevealViewController.m */ = {isa = PBXFileReference; lastKnownFileType = sourcecode.c.objc; name = SWRevealViewController.m; path = "../../../Assets/Smack Assets/SWReveal/SWRevealViewController.m"; sourceTree = "<group>"; };
		43C75E501F71B46200711D96 /* SWRevealViewController.h */ = {isa = PBXFileReference; lastKnownFileType = sourcecode.c.h; name = SWRevealViewController.h; path = "../../../Assets/Smack Assets/SWReveal/SWRevealViewController.h"; sourceTree = "<group>"; };
		43C75E541F71B7D500711D96 /* ChatVC.swift */ = {isa = PBXFileReference; lastKnownFileType = sourcecode.swift; path = ChatVC.swift; sourceTree = "<group>"; };
		43C75E561F71B7E600711D96 /* ChannelVC.swift */ = {isa = PBXFileReference; lastKnownFileType = sourcecode.swift; path = ChannelVC.swift; sourceTree = "<group>"; };
		43C75E851F7AF64C00711D96 /* GradientView.swift */ = {isa = PBXFileReference; lastKnownFileType = sourcecode.swift; path = GradientView.swift; sourceTree = "<group>"; };
		9A4F3220B3436BCA934A9004 /* Pods-Smack.release.xcconfig */ = {isa = PBXFileReference; includeInIndex = 1; lastKnownFileType = text.xcconfig; name = "Pods-Smack.release.xcconfig"; path = "Pods/Target Support Files/Pods-Smack/Pods-Smack.release.xcconfig"; sourceTree = "<group>"; };
/* End PBXFileReference section */

/* Begin PBXFrameworksBuildPhase section */
		4397E7311F6C71ED00F77511 /* Frameworks */ = {
			isa = PBXFrameworksBuildPhase;
			buildActionMask = 2147483647;
			files = (
				9C4C671E5EE707938FEB4BE9 /* Pods_Smack.framework in Frameworks */,
			);
			runOnlyForDeploymentPostprocessing = 0;
		};
/* End PBXFrameworksBuildPhase section */

/* Begin PBXGroup section */
		260C16EA4CD74EC79252465E /* Pods */ = {
			isa = PBXGroup;
			children = (
				03094A6D50E2017B5E4036F7 /* Pods-Smack.debug.xcconfig */,
				9A4F3220B3436BCA934A9004 /* Pods-Smack.release.xcconfig */,
			);
			name = Pods;
			sourceTree = "<group>";
		};
		4397E72B1F6C71ED00F77511 = {
			isa = PBXGroup;
			children = (
				4397E7361F6C71ED00F77511 /* Smack */,
				4397E7351F6C71ED00F77511 /* Products */,
				260C16EA4CD74EC79252465E /* Pods */,
				6AEB8F355F58A254E7CB9CC6 /* Frameworks */,
			);
			sourceTree = "<group>";
		};
		4397E7351F6C71ED00F77511 /* Products */ = {
			isa = PBXGroup;
			children = (
				4397E7341F6C71ED00F77511 /* Smack.app */,
			);
			name = Products;
			sourceTree = "<group>";
		};
		4397E7361F6C71ED00F77511 /* Smack */ = {
			isa = PBXGroup;
			children = (
				43C75E531F71B7B300711D96 /* Model */,
				43C75E521F71B7AE00711D96 /* View */,
				43C75E511F71B79900711D96 /* Controller */,
				43C75E4D1F71B3C300711D96 /* Supporting Files */,
				4397E7371F6C71ED00F77511 /* AppDelegate.swift */,
				4397E73B1F6C71ED00F77511 /* Main.storyboard */,
				4397E73E1F6C71ED00F77511 /* Assets.xcassets */,
				4397E7401F6C71ED00F77511 /* LaunchScreen.storyboard */,
				4397E7431F6C71ED00F77511 /* Info.plist */,
			);
			path = Smack;
			sourceTree = "<group>";
		};
		43C75E4D1F71B3C300711D96 /* Supporting Files */ = {
			isa = PBXGroup;
			children = (
				43C75E501F71B46200711D96 /* SWRevealViewController.h */,
				43C75E4F1F71B46200711D96 /* SWRevealViewController.m */,
				43C75E4E1F71B46100711D96 /* Smack-Bridging-Header.h */,
			);
			path = "Supporting Files";
			sourceTree = "<group>";
		};
		43C75E511F71B79900711D96 /* Controller */ = {
			isa = PBXGroup;
			children = (
				43C75E541F71B7D500711D96 /* ChatVC.swift */,
				43C75E561F71B7E600711D96 /* ChannelVC.swift */,
			);
			path = Controller;
			sourceTree = "<group>";
		};
		43C75E521F71B7AE00711D96 /* View */ = {
			isa = PBXGroup;
			children = (
				43C75E851F7AF64C00711D96 /* GradientView.swift */,
			);
			path = View;
			sourceTree = "<group>";
		};
		43C75E531F71B7B300711D96 /* Model */ = {
			isa = PBXGroup;
			children = (
			);
			path = Model;
			sourceTree = "<group>";
		};
		6AEB8F355F58A254E7CB9CC6 /* Frameworks */ = {
			isa = PBXGroup;
			children = (
				16072BDC2592A7F124851C2A /* Pods_Smack.framework */,
			);
			name = Frameworks;
			sourceTree = "<group>";
		};
/* End PBXGroup section */

/* Begin PBXNativeTarget section */
		4397E7331F6C71ED00F77511 /* Smack */ = {
			isa = PBXNativeTarget;
			buildConfigurationList = 4397E7461F6C71ED00F77511 /* Build configuration list for PBXNativeTarget "Smack" */;
			buildPhases = (
				8A6D1C766812938F4C4C6063 /* [CP] Check Pods Manifest.lock */,
				4397E7301F6C71ED00F77511 /* Sources */,
				4397E7311F6C71ED00F77511 /* Frameworks */,
				4397E7321F6C71ED00F77511 /* Resources */,
				7711E31852DB46FDEF45F398 /* [CP] Embed Pods Frameworks */,
				06A22EA79BA506ACAB342E5C /* [CP] Copy Pods Resources */,
			);
			buildRules = (
			);
			dependencies = (
			);
			name = Smack;
			productName = Smack;
			productReference = 4397E7341F6C71ED00F77511 /* Smack.app */;
			productType = "com.apple.product-type.application";
		};
/* End PBXNativeTarget section */

/* Begin PBXProject section */
		4397E72C1F6C71ED00F77511 /* Project object */ = {
			isa = PBXProject;
			attributes = {
				LastSwiftUpdateCheck = 0900;
				LastUpgradeCheck = 0900;
				ORGANIZATIONNAME = "Daniel Stahl";
				TargetAttributes = {
					4397E7331F6C71ED00F77511 = {
						CreatedOnToolsVersion = 9.0;
						LastSwiftMigration = 0900;
						ProvisioningStyle = Automatic;
					};
				};
			};
			buildConfigurationList = 4397E72F1F6C71ED00F77511 /* Build configuration list for PBXProject "Smack" */;
			compatibilityVersion = "Xcode 8.0";
			developmentRegion = en;
			hasScannedForEncodings = 0;
			knownRegions = (
				en,
				Base,
			);
			mainGroup = 4397E72B1F6C71ED00F77511;
			productRefGroup = 4397E7351F6C71ED00F77511 /* Products */;
			projectDirPath = "";
			projectRoot = "";
			targets = (
				4397E7331F6C71ED00F77511 /* Smack */,
			);
		};
/* End PBXProject section */

/* Begin PBXResourcesBuildPhase section */
		4397E7321F6C71ED00F77511 /* Resources */ = {
			isa = PBXResourcesBuildPhase;
			buildActionMask = 2147483647;
			files = (
				4397E7421F6C71ED00F77511 /* LaunchScreen.storyboard in Resources */,
				4397E73F1F6C71ED00F77511 /* Assets.xcassets in Resources */,
				4397E73D1F6C71ED00F77511 /* Main.storyboard in Resources */,
			);
			runOnlyForDeploymentPostprocessing = 0;
		};
/* End PBXResourcesBuildPhase section */

/* Begin PBXShellScriptBuildPhase section */
		06A22EA79BA506ACAB342E5C /* [CP] Copy Pods Resources */ = {
			isa = PBXShellScriptBuildPhase;
			buildActionMask = 2147483647;
			files = (
			);
			inputPaths = (
			);
			name = "[CP] Copy Pods Resources";
			outputPaths = (
			);
			runOnlyForDeploymentPostprocessing = 0;
			shellPath = /bin/sh;
			shellScript = "\"${SRCROOT}/Pods/Target Support Files/Pods-Smack/Pods-Smack-resources.sh\"\n";
			showEnvVarsInLog = 0;
		};
		7711E31852DB46FDEF45F398 /* [CP] Embed Pods Frameworks */ = {
			isa = PBXShellScriptBuildPhase;
			buildActionMask = 2147483647;
			files = (
			);
			inputPaths = (
			);
			name = "[CP] Embed Pods Frameworks";
			outputPaths = (
			);
			runOnlyForDeploymentPostprocessing = 0;
			shellPath = /bin/sh;
			shellScript = "\"${SRCROOT}/Pods/Target Support Files/Pods-Smack/Pods-Smack-frameworks.sh\"\n";
			showEnvVarsInLog = 0;
		};
		8A6D1C766812938F4C4C6063 /* [CP] Check Pods Manifest.lock */ = {
			isa = PBXShellScriptBuildPhase;
			buildActionMask = 2147483647;
			files = (
			);
			inputPaths = (
			);
			name = "[CP] Check Pods Manifest.lock";
			outputPaths = (
			);
			runOnlyForDeploymentPostprocessing = 0;
			shellPath = /bin/sh;
			shellScript = "diff \"${PODS_ROOT}/../Podfile.lock\" \"${PODS_ROOT}/Manifest.lock\" > /dev/null\nif [ $? != 0 ] ; then\n    # print error to STDERR\n    echo \"error: The sandbox is not in sync with the Podfile.lock. Run 'pod install' or update your CocoaPods installation.\" >&2\n    exit 1\nfi\n";
			showEnvVarsInLog = 0;
		};
/* End PBXShellScriptBuildPhase section */

/* Begin PBXSourcesBuildPhase section */
		4397E7301F6C71ED00F77511 /* Sources */ = {
			isa = PBXSourcesBuildPhase;
			buildActionMask = 2147483647;
			files = (
				43C75E591F71BBE800711D96 /* SWRevealViewController.m in Sources */,
				43C75E551F71B7D500711D96 /* ChatVC.swift in Sources */,
				43C75E861F7AF64C00711D96 /* GradientView.swift in Sources */,
				43C75E571F71B7E600711D96 /* ChannelVC.swift in Sources */,
				4397E7381F6C71ED00F77511 /* AppDelegate.swift in Sources */,
			);
			runOnlyForDeploymentPostprocessing = 0;
		};
/* End PBXSourcesBuildPhase section */

/* Begin PBXVariantGroup section */
		4397E73B1F6C71ED00F77511 /* Main.storyboard */ = {
			isa = PBXVariantGroup;
			children = (
				4397E73C1F6C71ED00F77511 /* Base */,
			);
			name = Main.storyboard;
			sourceTree = "<group>";
		};
		4397E7401F6C71ED00F77511 /* LaunchScreen.storyboard */ = {
			isa = PBXVariantGroup;
			children = (
				4397E7411F6C71ED00F77511 /* Base */,
			);
			name = LaunchScreen.storyboard;
			sourceTree = "<group>";
		};
/* End PBXVariantGroup section */

/* Begin XCBuildConfiguration section */
		4397E7441F6C71ED00F77511 /* Debug */ = {
			isa = XCBuildConfiguration;
			buildSettings = {
				ALWAYS_SEARCH_USER_PATHS = NO;
				CLANG_ANALYZER_NONNULL = YES;
				CLANG_ANALYZER_NUMBER_OBJECT_CONVERSION = YES_AGGRESSIVE;
				CLANG_CXX_LANGUAGE_STANDARD = "gnu++14";
				CLANG_CXX_LIBRARY = "libc++";
				CLANG_ENABLE_MODULES = YES;
				CLANG_ENABLE_OBJC_ARC = YES;
				CLANG_WARN_BLOCK_CAPTURE_AUTORELEASING = YES;
				CLANG_WARN_BOOL_CONVERSION = YES;
				CLANG_WARN_COMMA = YES;
				CLANG_WARN_CONSTANT_CONVERSION = YES;
				CLANG_WARN_DIRECT_OBJC_ISA_USAGE = YES_ERROR;
				CLANG_WARN_DOCUMENTATION_COMMENTS = YES;
				CLANG_WARN_EMPTY_BODY = YES;
				CLANG_WARN_ENUM_CONVERSION = YES;
				CLANG_WARN_INFINITE_RECURSION = YES;
				CLANG_WARN_INT_CONVERSION = YES;
				CLANG_WARN_NON_LITERAL_NULL_CONVERSION = YES;
				CLANG_WARN_OBJC_LITERAL_CONVERSION = YES;
				CLANG_WARN_OBJC_ROOT_CLASS = YES_ERROR;
				CLANG_WARN_RANGE_LOOP_ANALYSIS = YES;
				CLANG_WARN_STRICT_PROTOTYPES = YES;
				CLANG_WARN_SUSPICIOUS_MOVE = YES;
				CLANG_WARN_UNGUARDED_AVAILABILITY = YES_AGGRESSIVE;
				CLANG_WARN_UNREACHABLE_CODE = YES;
				CLANG_WARN__DUPLICATE_METHOD_MATCH = YES;
				CODE_SIGN_IDENTITY = "iPhone Developer";
				COPY_PHASE_STRIP = NO;
				DEBUG_INFORMATION_FORMAT = dwarf;
				ENABLE_STRICT_OBJC_MSGSEND = YES;
				ENABLE_TESTABILITY = YES;
				GCC_C_LANGUAGE_STANDARD = gnu11;
				GCC_DYNAMIC_NO_PIC = NO;
				GCC_NO_COMMON_BLOCKS = YES;
				GCC_OPTIMIZATION_LEVEL = 0;
				GCC_PREPROCESSOR_DEFINITIONS = (
					"DEBUG=1",
					"$(inherited)",
				);
				GCC_WARN_64_TO_32_BIT_CONVERSION = YES;
				GCC_WARN_ABOUT_RETURN_TYPE = YES_ERROR;
				GCC_WARN_UNDECLARED_SELECTOR = YES;
				GCC_WARN_UNINITIALIZED_AUTOS = YES_AGGRESSIVE;
				GCC_WARN_UNUSED_FUNCTION = YES;
				GCC_WARN_UNUSED_VARIABLE = YES;
				IPHONEOS_DEPLOYMENT_TARGET = 11.0;
				MTL_ENABLE_DEBUG_INFO = YES;
				ONLY_ACTIVE_ARCH = YES;
				SDKROOT = iphoneos;
				SWIFT_ACTIVE_COMPILATION_CONDITIONS = DEBUG;
				SWIFT_OPTIMIZATION_LEVEL = "-Onone";
			};
			name = Debug;
		};
		4397E7451F6C71ED00F77511 /* Release */ = {
			isa = XCBuildConfiguration;
			buildSettings = {
				ALWAYS_SEARCH_USER_PATHS = NO;
				CLANG_ANALYZER_NONNULL = YES;
				CLANG_ANALYZER_NUMBER_OBJECT_CONVERSION = YES_AGGRESSIVE;
				CLANG_CXX_LANGUAGE_STANDARD = "gnu++14";
				CLANG_CXX_LIBRARY = "libc++";
				CLANG_ENABLE_MODULES = YES;
				CLANG_ENABLE_OBJC_ARC = YES;
				CLANG_WARN_BLOCK_CAPTURE_AUTORELEASING = YES;
				CLANG_WARN_BOOL_CONVERSION = YES;
				CLANG_WARN_COMMA = YES;
				CLANG_WARN_CONSTANT_CONVERSION = YES;
				CLANG_WARN_DIRECT_OBJC_ISA_USAGE = YES_ERROR;
				CLANG_WARN_DOCUMENTATION_COMMENTS = YES;
				CLANG_WARN_EMPTY_BODY = YES;
				CLANG_WARN_ENUM_CONVERSION = YES;
				CLANG_WARN_INFINITE_RECURSION = YES;
				CLANG_WARN_INT_CONVERSION = YES;
				CLANG_WARN_NON_LITERAL_NULL_CONVERSION = YES;
				CLANG_WARN_OBJC_LITERAL_CONVERSION = YES;
				CLANG_WARN_OBJC_ROOT_CLASS = YES_ERROR;
				CLANG_WARN_RANGE_LOOP_ANALYSIS = YES;
				CLANG_WARN_STRICT_PROTOTYPES = YES;
				CLANG_WARN_SUSPICIOUS_MOVE = YES;
				CLANG_WARN_UNGUARDED_AVAILABILITY = YES_AGGRESSIVE;
				CLANG_WARN_UNREACHABLE_CODE = YES;
				CLANG_WARN__DUPLICATE_METHOD_MATCH = YES;
				CODE_SIGN_IDENTITY = "iPhone Developer";
				COPY_PHASE_STRIP = NO;
				DEBUG_INFORMATION_FORMAT = "dwarf-with-dsym";
				ENABLE_NS_ASSERTIONS = NO;
				ENABLE_STRICT_OBJC_MSGSEND = YES;
				GCC_C_LANGUAGE_STANDARD = gnu11;
				GCC_NO_COMMON_BLOCKS = YES;
				GCC_WARN_64_TO_32_BIT_CONVERSION = YES;
				GCC_WARN_ABOUT_RETURN_TYPE = YES_ERROR;
				GCC_WARN_UNDECLARED_SELECTOR = YES;
				GCC_WARN_UNINITIALIZED_AUTOS = YES_AGGRESSIVE;
				GCC_WARN_UNUSED_FUNCTION = YES;
				GCC_WARN_UNUSED_VARIABLE = YES;
				IPHONEOS_DEPLOYMENT_TARGET = 11.0;
				MTL_ENABLE_DEBUG_INFO = NO;
				SDKROOT = iphoneos;
				SWIFT_OPTIMIZATION_LEVEL = "-Owholemodule";
				VALIDATE_PRODUCT = YES;
			};
			name = Release;
		};
		4397E7471F6C71ED00F77511 /* Debug */ = {
			isa = XCBuildConfiguration;
			baseConfigurationReference = 03094A6D50E2017B5E4036F7 /* Pods-Smack.debug.xcconfig */;
			buildSettings = {
				ASSETCATALOG_COMPILER_APPICON_NAME = AppIcon;
				CLANG_ENABLE_MODULES = YES;
				CODE_SIGN_STYLE = Automatic;
				INFOPLIST_FILE = Smack/Info.plist;
				LD_RUNPATH_SEARCH_PATHS = "$(inherited) @executable_path/Frameworks";
				PRODUCT_BUNDLE_IDENTIFIER = xyz.danielstahl.Smack;
				PRODUCT_NAME = "$(TARGET_NAME)";
				SWIFT_OBJC_BRIDGING_HEADER = "Smack/Supporting Files/Smack-Bridging-Header.h";
				SWIFT_OPTIMIZATION_LEVEL = "-Onone";
				SWIFT_VERSION = 4.0;
				TARGETED_DEVICE_FAMILY = "1,2";
			};
			name = Debug;
		};
		4397E7481F6C71ED00F77511 /* Release */ = {
			isa = XCBuildConfiguration;
			baseConfigurationReference = 9A4F3220B3436BCA934A9004 /* Pods-Smack.release.xcconfig */;
			buildSettings = {
				ASSETCATALOG_COMPILER_APPICON_NAME = AppIcon;
				CLANG_ENABLE_MODULES = YES;
				CODE_SIGN_STYLE = Automatic;
				INFOPLIST_FILE = Smack/Info.plist;
				LD_RUNPATH_SEARCH_PATHS = "$(inherited) @executable_path/Frameworks";
				PRODUCT_BUNDLE_IDENTIFIER = xyz.danielstahl.Smack;
				PRODUCT_NAME = "$(TARGET_NAME)";
				SWIFT_OBJC_BRIDGING_HEADER = "Smack/Supporting Files/Smack-Bridging-Header.h";
				SWIFT_VERSION = 4.0;
				TARGETED_DEVICE_FAMILY = "1,2";
			};
			name = Release;
		};
/* End XCBuildConfiguration section */

/* Begin XCConfigurationList section */
		4397E72F1F6C71ED00F77511 /* Build configuration list for PBXProject "Smack" */ = {
			isa = XCConfigurationList;
			buildConfigurations = (
				4397E7441F6C71ED00F77511 /* Debug */,
				4397E7451F6C71ED00F77511 /* Release */,
			);
			defaultConfigurationIsVisible = 0;
			defaultConfigurationName = Release;
		};
		4397E7461F6C71ED00F77511 /* Build configuration list for PBXNativeTarget "Smack" */ = {
			isa = XCConfigurationList;
			buildConfigurations = (
				4397E7471F6C71ED00F77511 /* Debug */,
				4397E7481F6C71ED00F77511 /* Release */,
			);
			defaultConfigurationIsVisible = 0;
			defaultConfigurationName = Release;
		};
/* End XCConfigurationList section */
	};
	rootObject = 4397E72C1F6C71ED00F77511 /* Project object */;
}
